
Microsoft Visual Studio Solution File, Format Version 12.00
# Visual Studio 15
VisualStudioVersion = 15.0.27428.2043
MinimumVisualStudioVersion = 10.0.40219.1
Project("{FAE04EC0-301F-11D3-BF4B-00C04F79EFBC}") = "AutoPrintMail", "ConsoleApp1\AutoPrintMail.csproj", "{19ED861F-AFF9-4E22-A157-9BC852CA4D71}"
EndProject
Global
	GlobalSection(SolutionConfigurationPlatforms) = preSolution
		Debug|Any CPU = Debug|Any CPU
		Release|Any CPU = Release|Any CPU
	EndGlobalSection
	GlobalSection(ProjectConfigurationPlatforms) = postSolution
		{19ED861F-AFF9-4E22-A157-9BC852CA4D71}.Debug|Any CPU.ActiveCfg = Debug|Any CPU
		{19ED861F-AFF9-4E22-A157-9BC852CA4D71}.Debug|Any CPU.Build.0 = Debug|Any CPU
		{19ED861F-AFF9-4E22-A157-9BC852CA4D71}.Release|Any CPU.ActiveCfg = Release|Any CPU
		{19ED861F-AFF9-4E22-A157-9BC852CA4D71}.Release|Any CPU.Build.0 = Release|Any CPU
	EndGlobalSection
	GlobalSection(SolutionProperties) = preSolution
		HideSolutionNode = FALSE
	EndGlobalSection
	GlobalSection(ExtensibilityGlobals) = postSolution
		SolutionGuid = {810F7A6D-6AA8-42FD-9DF3-C35AEC57EA90}
	EndGlobalSection
EndGlobal
